
Microsoft Visual Studio Solution File, Format Version 12.00
# Visual Studio Version 17
VisualStudioVersion = 17.10.35027.167
MinimumVisualStudioVersion = 10.0.40219.1
Project("{FAE04EC0-301F-11D3-BF4B-00C04F79EFBC}") = "CaptureDeviceShoter", "CaptureDeviceShoter\CaptureDeviceShoter.csproj", "{DA58C2C5-BEEB-40BA-9DB6-B9FE08731588}"
EndProject
Global
	GlobalSection(SolutionConfigurationPlatforms) = preSolution
		Debug|Any CPU = Debug|Any CPU
		Release|Any CPU = Release|Any CPU
	EndGlobalSection
	GlobalSection(ProjectConfigurationPlatforms) = postSolution
		{DA58C2C5-BEEB-40BA-9DB6-B9FE08731588}.Debug|Any CPU.ActiveCfg = Debug|Any CPU
		{DA58C2C5-BEEB-40BA-9DB6-B9FE08731588}.Debug|Any CPU.Build.0 = Debug|Any CPU
		{DA58C2C5-BEEB-40BA-9DB6-B9FE08731588}.Release|Any CPU.ActiveCfg = Release|Any CPU
		{DA58C2C5-BEEB-40BA-9DB6-B9FE08731588}.Release|Any CPU.Build.0 = Release|Any CPU
	EndGlobalSection
	GlobalSection(SolutionProperties) = preSolution
		HideSolutionNode = FALSE
	EndGlobalSection
	GlobalSection(ExtensibilityGlobals) = postSolution
		SolutionGuid = {CE465D97-D539-412A-A006-1B64EBD935F6}
	EndGlobalSection
EndGlobal
